// !$*UTF8*$!
{
	archiveVersion = 1;
	classes = {
	};
	objectVersion = 52;
	objects = {

/* Begin PBXBuildFile section */
		28270D7224872D34004D3074 /* AppDelegate.swift in Sources */ = {isa = PBXBuildFile; fileRef = 28270D7124872D34004D3074 /* AppDelegate.swift */; };
		28270D7424872D34004D3074 /* SceneDelegate.swift in Sources */ = {isa = PBXBuildFile; fileRef = 28270D7324872D34004D3074 /* SceneDelegate.swift */; };
		28270D7824872D37004D3074 /* Assets.xcassets in Resources */ = {isa = PBXBuildFile; fileRef = 28270D7724872D37004D3074 /* Assets.xcassets */; };
		28270D7B24872D37004D3074 /* Preview Assets.xcassets in Resources */ = {isa = PBXBuildFile; fileRef = 28270D7A24872D37004D3074 /* Preview Assets.xcassets */; };
		28270D7E24872D37004D3074 /* LaunchScreen.storyboard in Resources */ = {isa = PBXBuildFile; fileRef = 28270D7C24872D37004D3074 /* LaunchScreen.storyboard */; };
		28270D8924872D37004D3074 /* WeatherAppTests.swift in Sources */ = {isa = PBXBuildFile; fileRef = 28270D8824872D37004D3074 /* WeatherAppTests.swift */; };
		28270D9424872D37004D3074 /* WeatherAppUITests.swift in Sources */ = {isa = PBXBuildFile; fileRef = 28270D9324872D37004D3074 /* WeatherAppUITests.swift */; };
		28270DA724872E00004D3074 /* CoordinatorProtocol.swift in Sources */ = {isa = PBXBuildFile; fileRef = 28270DA624872E00004D3074 /* CoordinatorProtocol.swift */; };
		28270DA924872E51004D3074 /* Coordinator.swift in Sources */ = {isa = PBXBuildFile; fileRef = 28270DA824872E51004D3074 /* Coordinator.swift */; };
		28270DAB24872E80004D3074 /* ApplicationCoordinator.swift in Sources */ = {isa = PBXBuildFile; fileRef = 28270DAA24872E80004D3074 /* ApplicationCoordinator.swift */; };
		28270DAE24872FC7004D3074 /* WeatherNetworkProvider.swift in Sources */ = {isa = PBXBuildFile; fileRef = 28270DAD24872FC7004D3074 /* WeatherNetworkProvider.swift */; };
		28270DB124872FE3004D3074 /* WeatherNetwork.swift in Sources */ = {isa = PBXBuildFile; fileRef = 28270DB024872FE3004D3074 /* WeatherNetwork.swift */; };
		28270DB5248730B1004D3074 /* WeeklyWeatherViewModel.swift in Sources */ = {isa = PBXBuildFile; fileRef = 28270DB4248730B1004D3074 /* WeeklyWeatherViewModel.swift */; };
		28270DB824873199004D3074 /* WeeklyWeatherView.swift in Sources */ = {isa = PBXBuildFile; fileRef = 28270DB724873199004D3074 /* WeeklyWeatherView.swift */; };
		28270DBA24873327004D3074 /* DailyWeatherRowViewModel.swift in Sources */ = {isa = PBXBuildFile; fileRef = 28270DB924873327004D3074 /* DailyWeatherRowViewModel.swift */; };
		28270DBD24873386004D3074 /* WeeklyForecastResponse.swift in Sources */ = {isa = PBXBuildFile; fileRef = 28270DBC24873386004D3074 /* WeeklyForecastResponse.swift */; };
		28270DBF248733AF004D3074 /* WeatherError.swift in Sources */ = {isa = PBXBuildFile; fileRef = 28270DBE248733AF004D3074 /* WeatherError.swift */; };
		28270DC124873967004D3074 /* CurrentWeatherForecastResponse.swift in Sources */ = {isa = PBXBuildFile; fileRef = 28270DC024873967004D3074 /* CurrentWeatherForecastResponse.swift */; };
		28270DC524873A1C004D3074 /* Formatters.swift in Sources */ = {isa = PBXBuildFile; fileRef = 28270DC424873A1C004D3074 /* Formatters.swift */; };
		28270DC82487416F004D3074 /* Array+Filtering.swift in Sources */ = {isa = PBXBuildFile; fileRef = 28270DC72487416F004D3074 /* Array+Filtering.swift */; };
		28270DCF24874613004D3074 /* DailyWeatherRow.swift in Sources */ = {isa = PBXBuildFile; fileRef = 28270DCE24874613004D3074 /* DailyWeatherRow.swift */; };
		28270DD2248748E0004D3074 /* CurrentWeatherView.swift in Sources */ = {isa = PBXBuildFile; fileRef = 28270DD1248748E0004D3074 /* CurrentWeatherView.swift */; };
		28270DD624874900004D3074 /* CurrentWeatherViewModel.swift in Sources */ = {isa = PBXBuildFile; fileRef = 28270DD524874900004D3074 /* CurrentWeatherViewModel.swift */; };
		28270DD824874ABD004D3074 /* CurrentWeatherRowViewModel.swift in Sources */ = {isa = PBXBuildFile; fileRef = 28270DD724874ABD004D3074 /* CurrentWeatherRowViewModel.swift */; };
		28270DDA24874C68004D3074 /* CurrentWeatherRow.swift in Sources */ = {isa = PBXBuildFile; fileRef = 28270DD924874C68004D3074 /* CurrentWeatherRow.swift */; };
		28270DDE24874CC1004D3074 /* MapView.swift in Sources */ = {isa = PBXBuildFile; fileRef = 28270DDD24874CC1004D3074 /* MapView.swift */; };
		2876F3FA248E96ED00367EF3 /* MFSwiftCommom in Frameworks */ = {isa = PBXBuildFile; productRef = 2876F3F9248E96ED00367EF3 /* MFSwiftCommom */; };
		28B2D41E2487CF37005DAE5E /* SearchBarView.swift in Sources */ = {isa = PBXBuildFile; fileRef = 28B2D41D2487CF37005DAE5E /* SearchBarView.swift */; };
/* End PBXBuildFile section */

/* Begin PBXContainerItemProxy section */
		28270D8524872D37004D3074 /* PBXContainerItemProxy */ = {
			isa = PBXContainerItemProxy;
			containerPortal = 28270D6624872D34004D3074 /* Project object */;
			proxyType = 1;
			remoteGlobalIDString = 28270D6D24872D34004D3074;
			remoteInfo = WeatherApp;
		};
		28270D9024872D37004D3074 /* PBXContainerItemProxy */ = {
			isa = PBXContainerItemProxy;
			containerPortal = 28270D6624872D34004D3074 /* Project object */;
			proxyType = 1;
			remoteGlobalIDString = 28270D6D24872D34004D3074;
			remoteInfo = WeatherApp;
		};
/* End PBXContainerItemProxy section */

/* Begin PBXFileReference section */
		28270D6E24872D34004D3074 /* WeatherApp.app */ = {isa = PBXFileReference; explicitFileType = wrapper.application; includeInIndex = 0; path = WeatherApp.app; sourceTree = BUILT_PRODUCTS_DIR; };
		28270D7124872D34004D3074 /* AppDelegate.swift */ = {isa = PBXFileReference; lastKnownFileType = sourcecode.swift; path = AppDelegate.swift; sourceTree = "<group>"; };
		28270D7324872D34004D3074 /* SceneDelegate.swift */ = {isa = PBXFileReference; lastKnownFileType = sourcecode.swift; path = SceneDelegate.swift; sourceTree = "<group>"; };
		28270D7724872D37004D3074 /* Assets.xcassets */ = {isa = PBXFileReference; lastKnownFileType = folder.assetcatalog; path = Assets.xcassets; sourceTree = "<group>"; };
		28270D7A24872D37004D3074 /* Preview Assets.xcassets */ = {isa = PBXFileReference; lastKnownFileType = folder.assetcatalog; path = "Preview Assets.xcassets"; sourceTree = "<group>"; };
		28270D7D24872D37004D3074 /* Base */ = {isa = PBXFileReference; lastKnownFileType = file.storyboard; name = Base; path = Base.lproj/LaunchScreen.storyboard; sourceTree = "<group>"; };
		28270D7F24872D37004D3074 /* Info.plist */ = {isa = PBXFileReference; lastKnownFileType = text.plist.xml; path = Info.plist; sourceTree = "<group>"; };
		28270D8424872D37004D3074 /* WeatherAppTests.xctest */ = {isa = PBXFileReference; explicitFileType = wrapper.cfbundle; includeInIndex = 0; path = WeatherAppTests.xctest; sourceTree = BUILT_PRODUCTS_DIR; };
		28270D8824872D37004D3074 /* WeatherAppTests.swift */ = {isa = PBXFileReference; lastKnownFileType = sourcecode.swift; path = WeatherAppTests.swift; sourceTree = "<group>"; };
		28270D8A24872D37004D3074 /* Info.plist */ = {isa = PBXFileReference; lastKnownFileType = text.plist.xml; path = Info.plist; sourceTree = "<group>"; };
		28270D8F24872D37004D3074 /* WeatherAppUITests.xctest */ = {isa = PBXFileReference; explicitFileType = wrapper.cfbundle; includeInIndex = 0; path = WeatherAppUITests.xctest; sourceTree = BUILT_PRODUCTS_DIR; };
		28270D9324872D37004D3074 /* WeatherAppUITests.swift */ = {isa = PBXFileReference; lastKnownFileType = sourcecode.swift; path = WeatherAppUITests.swift; sourceTree = "<group>"; };
		28270D9524872D37004D3074 /* Info.plist */ = {isa = PBXFileReference; lastKnownFileType = text.plist.xml; path = Info.plist; sourceTree = "<group>"; };
		28270DA624872E00004D3074 /* CoordinatorProtocol.swift */ = {isa = PBXFileReference; lastKnownFileType = sourcecode.swift; path = CoordinatorProtocol.swift; sourceTree = "<group>"; };
		28270DA824872E51004D3074 /* Coordinator.swift */ = {isa = PBXFileReference; lastKnownFileType = sourcecode.swift; path = Coordinator.swift; sourceTree = "<group>"; };
		28270DAA24872E80004D3074 /* ApplicationCoordinator.swift */ = {isa = PBXFileReference; lastKnownFileType = sourcecode.swift; path = ApplicationCoordinator.swift; sourceTree = "<group>"; };
		28270DAD24872FC7004D3074 /* WeatherNetworkProvider.swift */ = {isa = PBXFileReference; lastKnownFileType = sourcecode.swift; path = WeatherNetworkProvider.swift; sourceTree = "<group>"; };
		28270DB024872FE3004D3074 /* WeatherNetwork.swift */ = {isa = PBXFileReference; lastKnownFileType = sourcecode.swift; path = WeatherNetwork.swift; sourceTree = "<group>"; };
		28270DB4248730B1004D3074 /* WeeklyWeatherViewModel.swift */ = {isa = PBXFileReference; lastKnownFileType = sourcecode.swift; path = WeeklyWeatherViewModel.swift; sourceTree = "<group>"; };
		28270DB724873199004D3074 /* WeeklyWeatherView.swift */ = {isa = PBXFileReference; lastKnownFileType = sourcecode.swift; path = WeeklyWeatherView.swift; sourceTree = "<group>"; };
		28270DB924873327004D3074 /* DailyWeatherRowViewModel.swift */ = {isa = PBXFileReference; lastKnownFileType = sourcecode.swift; path = DailyWeatherRowViewModel.swift; sourceTree = "<group>"; };
		28270DBC24873386004D3074 /* WeeklyForecastResponse.swift */ = {isa = PBXFileReference; lastKnownFileType = sourcecode.swift; path = WeeklyForecastResponse.swift; sourceTree = "<group>"; };
		28270DBE248733AF004D3074 /* WeatherError.swift */ = {isa = PBXFileReference; lastKnownFileType = sourcecode.swift; path = WeatherError.swift; sourceTree = "<group>"; };
		28270DC024873967004D3074 /* CurrentWeatherForecastResponse.swift */ = {isa = PBXFileReference; lastKnownFileType = sourcecode.swift; path = CurrentWeatherForecastResponse.swift; sourceTree = "<group>"; };
		28270DC424873A1C004D3074 /* Formatters.swift */ = {isa = PBXFileReference; lastKnownFileType = sourcecode.swift; path = Formatters.swift; sourceTree = "<group>"; };
		28270DC72487416F004D3074 /* Array+Filtering.swift */ = {isa = PBXFileReference; lastKnownFileType = sourcecode.swift; path = "Array+Filtering.swift"; sourceTree = "<group>"; };
		28270DCE24874613004D3074 /* DailyWeatherRow.swift */ = {isa = PBXFileReference; lastKnownFileType = sourcecode.swift; path = DailyWeatherRow.swift; sourceTree = "<group>"; };
		28270DD1248748E0004D3074 /* CurrentWeatherView.swift */ = {isa = PBXFileReference; lastKnownFileType = sourcecode.swift; path = CurrentWeatherView.swift; sourceTree = "<group>"; };
		28270DD524874900004D3074 /* CurrentWeatherViewModel.swift */ = {isa = PBXFileReference; lastKnownFileType = sourcecode.swift; path = CurrentWeatherViewModel.swift; sourceTree = "<group>"; };
		28270DD724874ABD004D3074 /* CurrentWeatherRowViewModel.swift */ = {isa = PBXFileReference; lastKnownFileType = sourcecode.swift; path = CurrentWeatherRowViewModel.swift; sourceTree = "<group>"; };
		28270DD924874C68004D3074 /* CurrentWeatherRow.swift */ = {isa = PBXFileReference; lastKnownFileType = sourcecode.swift; path = CurrentWeatherRow.swift; sourceTree = "<group>"; };
		28270DDD24874CC1004D3074 /* MapView.swift */ = {isa = PBXFileReference; lastKnownFileType = sourcecode.swift; path = MapView.swift; sourceTree = "<group>"; };
		28B2D41D2487CF37005DAE5E /* SearchBarView.swift */ = {isa = PBXFileReference; lastKnownFileType = sourcecode.swift; path = SearchBarView.swift; sourceTree = "<group>"; };
/* End PBXFileReference section */

/* Begin PBXFrameworksBuildPhase section */
		28270D6B24872D34004D3074 /* Frameworks */ = {
			isa = PBXFrameworksBuildPhase;
			buildActionMask = 2147483647;
			files = (
				2876F3FA248E96ED00367EF3 /* MFSwiftCommom in Frameworks */,
			);
			runOnlyForDeploymentPostprocessing = 0;
		};
		28270D8124872D37004D3074 /* Frameworks */ = {
			isa = PBXFrameworksBuildPhase;
			buildActionMask = 2147483647;
			files = (
			);
			runOnlyForDeploymentPostprocessing = 0;
		};
		28270D8C24872D37004D3074 /* Frameworks */ = {
			isa = PBXFrameworksBuildPhase;
			buildActionMask = 2147483647;
			files = (
			);
			runOnlyForDeploymentPostprocessing = 0;
		};
/* End PBXFrameworksBuildPhase section */

/* Begin PBXGroup section */
		28270D6524872D34004D3074 = {
			isa = PBXGroup;
			children = (
				28270D7024872D34004D3074 /* WeatherApp */,
				28270D8724872D37004D3074 /* WeatherAppTests */,
				28270D9224872D37004D3074 /* WeatherAppUITests */,
				28270D6F24872D34004D3074 /* Products */,
			);
			sourceTree = "<group>";
		};
		28270D6F24872D34004D3074 /* Products */ = {
			isa = PBXGroup;
			children = (
				28270D6E24872D34004D3074 /* WeatherApp.app */,
				28270D8424872D37004D3074 /* WeatherAppTests.xctest */,
				28270D8F24872D37004D3074 /* WeatherAppUITests.xctest */,
			);
			name = Products;
			sourceTree = "<group>";
		};
		28270D7024872D34004D3074 /* WeatherApp */ = {
			isa = PBXGroup;
			children = (
				28270DA224872D8E004D3074 /* Application */,
				28270DA124872D47004D3074 /* SupportingFile */,
				28270D7924872D37004D3074 /* Preview Content */,
			);
			path = WeatherApp;
			sourceTree = "<group>";
		};
		28270D7924872D37004D3074 /* Preview Content */ = {
			isa = PBXGroup;
			children = (
				28270D7A24872D37004D3074 /* Preview Assets.xcassets */,
			);
			path = "Preview Content";
			sourceTree = "<group>";
		};
		28270D8724872D37004D3074 /* WeatherAppTests */ = {
			isa = PBXGroup;
			children = (
				28270D8824872D37004D3074 /* WeatherAppTests.swift */,
				28270D8A24872D37004D3074 /* Info.plist */,
			);
			path = WeatherAppTests;
			sourceTree = "<group>";
		};
		28270D9224872D37004D3074 /* WeatherAppUITests */ = {
			isa = PBXGroup;
			children = (
				28270D9324872D37004D3074 /* WeatherAppUITests.swift */,
				28270D9524872D37004D3074 /* Info.plist */,
			);
			path = WeatherAppUITests;
			sourceTree = "<group>";
		};
		28270DA124872D47004D3074 /* SupportingFile */ = {
			isa = PBXGroup;
			children = (
				28270D7724872D37004D3074 /* Assets.xcassets */,
				28270D7C24872D37004D3074 /* LaunchScreen.storyboard */,
				28270D7F24872D37004D3074 /* Info.plist */,
			);
			path = SupportingFile;
			sourceTree = "<group>";
		};
		28270DA224872D8E004D3074 /* Application */ = {
			isa = PBXGroup;
			children = (
				28270DC224873A09004D3074 /* Utilities */,
				28270DAC24872F9A004D3074 /* WheaterAPI */,
				28270DA524872DD9004D3074 /* Coordinators */,
				28270DA424872DB8004D3074 /* Scenes */,
				28270DA324872D97004D3074 /* Config */,
			);
			path = Application;
			sourceTree = "<group>";
		};
		28270DA324872D97004D3074 /* Config */ = {
			isa = PBXGroup;
			children = (
				28270D7124872D34004D3074 /* AppDelegate.swift */,
				28270D7324872D34004D3074 /* SceneDelegate.swift */,
			);
			path = Config;
			sourceTree = "<group>";
		};
		28270DA424872DB8004D3074 /* Scenes */ = {
			isa = PBXGroup;
			children = (
				28270DD0248748D3004D3074 /* CurrentWeather */,
				28270DB224873090004D3074 /* WeeklyWeather */,
			);
			path = Scenes;
			sourceTree = "<group>";
		};
		28270DA524872DD9004D3074 /* Coordinators */ = {
			isa = PBXGroup;
			children = (
				28270DA624872E00004D3074 /* CoordinatorProtocol.swift */,
				28270DA824872E51004D3074 /* Coordinator.swift */,
				28270DAA24872E80004D3074 /* ApplicationCoordinator.swift */,
			);
			path = Coordinators;
			sourceTree = "<group>";
		};
		28270DAC24872F9A004D3074 /* WheaterAPI */ = {
			isa = PBXGroup;
			children = (
				28270DBB2487336F004D3074 /* Model */,
				28270DAD24872FC7004D3074 /* WeatherNetworkProvider.swift */,
				28270DB024872FE3004D3074 /* WeatherNetwork.swift */,
				28270DBE248733AF004D3074 /* WeatherError.swift */,
			);
			path = WheaterAPI;
			sourceTree = "<group>";
		};
		28270DB224873090004D3074 /* WeeklyWeather */ = {
			isa = PBXGroup;
			children = (
				28270DB62487317C004D3074 /* View */,
				28270DB32487309E004D3074 /* ViewModel */,
			);
			path = WeeklyWeather;
			sourceTree = "<group>";
		};
		28270DB32487309E004D3074 /* ViewModel */ = {
			isa = PBXGroup;
			children = (
				28270DB4248730B1004D3074 /* WeeklyWeatherViewModel.swift */,
				28270DB924873327004D3074 /* DailyWeatherRowViewModel.swift */,
			);
			path = ViewModel;
			sourceTree = "<group>";
		};
		28270DB62487317C004D3074 /* View */ = {
			isa = PBXGroup;
			children = (
				28270DB724873199004D3074 /* WeeklyWeatherView.swift */,
				28270DCE24874613004D3074 /* DailyWeatherRow.swift */,
			);
			path = View;
			sourceTree = "<group>";
		};
		28270DBB2487336F004D3074 /* Model */ = {
			isa = PBXGroup;
			children = (
				28270DBC24873386004D3074 /* WeeklyForecastResponse.swift */,
				28270DC024873967004D3074 /* CurrentWeatherForecastResponse.swift */,
			);
			path = Model;
			sourceTree = "<group>";
		};
		28270DC224873A09004D3074 /* Utilities */ = {
			isa = PBXGroup;
			children = (
				28B2D41C2487CF2A005DAE5E /* View */,
				28270DDB24874CA7004D3074 /* ViewRepresentable */,
				28270DC624874155004D3074 /* ArrayExtensions */,
				28270DC324873A10004D3074 /* Formatter */,
			);
			path = Utilities;
			sourceTree = "<group>";
		};
		28270DC324873A10004D3074 /* Formatter */ = {
			isa = PBXGroup;
			children = (
				28270DC424873A1C004D3074 /* Formatters.swift */,
			);
			path = Formatter;
			sourceTree = "<group>";
		};
		28270DC624874155004D3074 /* ArrayExtensions */ = {
			isa = PBXGroup;
			children = (
				28270DC72487416F004D3074 /* Array+Filtering.swift */,
			);
			path = ArrayExtensions;
			sourceTree = "<group>";
		};
		28270DD0248748D3004D3074 /* CurrentWeather */ = {
			isa = PBXGroup;
			children = (
				28270DD3248748ED004D3074 /* View */,
				28270DD4248748F3004D3074 /* ViewModel */,
			);
			path = CurrentWeather;
			sourceTree = "<group>";
		};
		28270DD3248748ED004D3074 /* View */ = {
			isa = PBXGroup;
			children = (
				28270DD1248748E0004D3074 /* CurrentWeatherView.swift */,
				28270DD924874C68004D3074 /* CurrentWeatherRow.swift */,
			);
			path = View;
			sourceTree = "<group>";
		};
		28270DD4248748F3004D3074 /* ViewModel */ = {
			isa = PBXGroup;
			children = (
				28270DD524874900004D3074 /* CurrentWeatherViewModel.swift */,
				28270DD724874ABD004D3074 /* CurrentWeatherRowViewModel.swift */,
			);
			path = ViewModel;
			sourceTree = "<group>";
		};
		28270DDB24874CA7004D3074 /* ViewRepresentable */ = {
			isa = PBXGroup;
			children = (
				28270DDC24874CB4004D3074 /* MapView */,
			);
			path = ViewRepresentable;
			sourceTree = "<group>";
		};
		28270DDC24874CB4004D3074 /* MapView */ = {
			isa = PBXGroup;
			children = (
				28270DDD24874CC1004D3074 /* MapView.swift */,
			);
			path = MapView;
			sourceTree = "<group>";
		};
		28B2D41C2487CF2A005DAE5E /* View */ = {
			isa = PBXGroup;
			children = (
				28B2D41D2487CF37005DAE5E /* SearchBarView.swift */,
			);
			path = View;
			sourceTree = "<group>";
		};
/* End PBXGroup section */

/* Begin PBXNativeTarget section */
		28270D6D24872D34004D3074 /* WeatherApp */ = {
			isa = PBXNativeTarget;
			buildConfigurationList = 28270D9824872D37004D3074 /* Build configuration list for PBXNativeTarget "WeatherApp" */;
			buildPhases = (
				28270D6A24872D34004D3074 /* Sources */,
				28270D6B24872D34004D3074 /* Frameworks */,
				28270D6C24872D34004D3074 /* Resources */,
			);
			buildRules = (
			);
			dependencies = (
			);
			name = WeatherApp;
			packageProductDependencies = (
				2876F3F9248E96ED00367EF3 /* MFSwiftCommom */,
			);
			productName = WeatherApp;
			productReference = 28270D6E24872D34004D3074 /* WeatherApp.app */;
			productType = "com.apple.product-type.application";
		};
		28270D8324872D37004D3074 /* WeatherAppTests */ = {
			isa = PBXNativeTarget;
			buildConfigurationList = 28270D9B24872D37004D3074 /* Build configuration list for PBXNativeTarget "WeatherAppTests" */;
			buildPhases = (
				28270D8024872D37004D3074 /* Sources */,
				28270D8124872D37004D3074 /* Frameworks */,
				28270D8224872D37004D3074 /* Resources */,
			);
			buildRules = (
			);
			dependencies = (
				28270D8624872D37004D3074 /* PBXTargetDependency */,
			);
			name = WeatherAppTests;
			productName = WeatherAppTests;
			productReference = 28270D8424872D37004D3074 /* WeatherAppTests.xctest */;
			productType = "com.apple.product-type.bundle.unit-test";
		};
		28270D8E24872D37004D3074 /* WeatherAppUITests */ = {
			isa = PBXNativeTarget;
			buildConfigurationList = 28270D9E24872D37004D3074 /* Build configuration list for PBXNativeTarget "WeatherAppUITests" */;
			buildPhases = (
				28270D8B24872D37004D3074 /* Sources */,
				28270D8C24872D37004D3074 /* Frameworks */,
				28270D8D24872D37004D3074 /* Resources */,
			);
			buildRules = (
			);
			dependencies = (
				28270D9124872D37004D3074 /* PBXTargetDependency */,
			);
			name = WeatherAppUITests;
			productName = WeatherAppUITests;
			productReference = 28270D8F24872D37004D3074 /* WeatherAppUITests.xctest */;
			productType = "com.apple.product-type.bundle.ui-testing";
		};
/* End PBXNativeTarget section */

/* Begin PBXProject section */
		28270D6624872D34004D3074 /* Project object */ = {
			isa = PBXProject;
			attributes = {
				LastSwiftUpdateCheck = 1150;
				LastUpgradeCheck = 1150;
				ORGANIZATIONNAME = "Marcos Felipe Souza";
				TargetAttributes = {
					28270D6D24872D34004D3074 = {
						CreatedOnToolsVersion = 11.5;
					};
					28270D8324872D37004D3074 = {
						CreatedOnToolsVersion = 11.5;
						TestTargetID = 28270D6D24872D34004D3074;
					};
					28270D8E24872D37004D3074 = {
						CreatedOnToolsVersion = 11.5;
						TestTargetID = 28270D6D24872D34004D3074;
					};
				};
			};
			buildConfigurationList = 28270D6924872D34004D3074 /* Build configuration list for PBXProject "WeatherApp" */;
			compatibilityVersion = "Xcode 9.3";
			developmentRegion = en;
			hasScannedForEncodings = 0;
			knownRegions = (
				en,
				Base,
			);
			mainGroup = 28270D6524872D34004D3074;
			packageReferences = (
				2876F3F8248E96ED00367EF3 /* XCRemoteSwiftPackageReference "MFSwiftCommom" */,
			);
			productRefGroup = 28270D6F24872D34004D3074 /* Products */;
			projectDirPath = "";
			projectRoot = "";
			targets = (
				28270D6D24872D34004D3074 /* WeatherApp */,
				28270D8324872D37004D3074 /* WeatherAppTests */,
				28270D8E24872D37004D3074 /* WeatherAppUITests */,
			);
		};
/* End PBXProject section */

/* Begin PBXResourcesBuildPhase section */
		28270D6C24872D34004D3074 /* Resources */ = {
			isa = PBXResourcesBuildPhase;
			buildActionMask = 2147483647;
			files = (
				28270D7E24872D37004D3074 /* LaunchScreen.storyboard in Resources */,
				28270D7B24872D37004D3074 /* Preview Assets.xcassets in Resources */,
				28270D7824872D37004D3074 /* Assets.xcassets in Resources */,
			);
			runOnlyForDeploymentPostprocessing = 0;
		};
		28270D8224872D37004D3074 /* Resources */ = {
			isa = PBXResourcesBuildPhase;
			buildActionMask = 2147483647;
			files = (
			);
			runOnlyForDeploymentPostprocessing = 0;
		};
		28270D8D24872D37004D3074 /* Resources */ = {
			isa = PBXResourcesBuildPhase;
			buildActionMask = 2147483647;
			files = (
			);
			runOnlyForDeploymentPostprocessing = 0;
		};
/* End PBXResourcesBuildPhase section */

/* Begin PBXSourcesBuildPhase section */
		28270D6A24872D34004D3074 /* Sources */ = {
			isa = PBXSourcesBuildPhase;
			buildActionMask = 2147483647;
			files = (
				28270DCF24874613004D3074 /* DailyWeatherRow.swift in Sources */,
				28270DC82487416F004D3074 /* Array+Filtering.swift in Sources */,
				28270DB824873199004D3074 /* WeeklyWeatherView.swift in Sources */,
				28270DDE24874CC1004D3074 /* MapView.swift in Sources */,
				28270DD2248748E0004D3074 /* CurrentWeatherView.swift in Sources */,
				28270DD824874ABD004D3074 /* CurrentWeatherRowViewModel.swift in Sources */,
				28B2D41E2487CF37005DAE5E /* SearchBarView.swift in Sources */,
				28270D7224872D34004D3074 /* AppDelegate.swift in Sources */,
				28270DC124873967004D3074 /* CurrentWeatherForecastResponse.swift in Sources */,
				28270DB124872FE3004D3074 /* WeatherNetwork.swift in Sources */,
				28270DAE24872FC7004D3074 /* WeatherNetworkProvider.swift in Sources */,
				28270DB5248730B1004D3074 /* WeeklyWeatherViewModel.swift in Sources */,
				28270DC524873A1C004D3074 /* Formatters.swift in Sources */,
				28270D7424872D34004D3074 /* SceneDelegate.swift in Sources */,
				28270DBA24873327004D3074 /* DailyWeatherRowViewModel.swift in Sources */,
				28270DBF248733AF004D3074 /* WeatherError.swift in Sources */,
				28270DBD24873386004D3074 /* WeeklyForecastResponse.swift in Sources */,
				28270DD624874900004D3074 /* CurrentWeatherViewModel.swift in Sources */,
				28270DA924872E51004D3074 /* Coordinator.swift in Sources */,
				28270DDA24874C68004D3074 /* CurrentWeatherRow.swift in Sources */,
				28270DA724872E00004D3074 /* CoordinatorProtocol.swift in Sources */,
				28270DAB24872E80004D3074 /* ApplicationCoordinator.swift in Sources */,
			);
			runOnlyForDeploymentPostprocessing = 0;
		};
		28270D8024872D37004D3074 /* Sources */ = {
			isa = PBXSourcesBuildPhase;
			buildActionMask = 2147483647;
			files = (
				28270D8924872D37004D3074 /* WeatherAppTests.swift in Sources */,
			);
			runOnlyForDeploymentPostprocessing = 0;
		};
		28270D8B24872D37004D3074 /* Sources */ = {
			isa = PBXSourcesBuildPhase;
			buildActionMask = 2147483647;
			files = (
				28270D9424872D37004D3074 /* WeatherAppUITests.swift in Sources */,
			);
			runOnlyForDeploymentPostprocessing = 0;
		};
/* End PBXSourcesBuildPhase section */

/* Begin PBXTargetDependency section */
		28270D8624872D37004D3074 /* PBXTargetDependency */ = {
			isa = PBXTargetDependency;
			target = 28270D6D24872D34004D3074 /* WeatherApp */;
			targetProxy = 28270D8524872D37004D3074 /* PBXContainerItemProxy */;
		};
		28270D9124872D37004D3074 /* PBXTargetDependency */ = {
			isa = PBXTargetDependency;
			target = 28270D6D24872D34004D3074 /* WeatherApp */;
			targetProxy = 28270D9024872D37004D3074 /* PBXContainerItemProxy */;
		};
/* End PBXTargetDependency section */

/* Begin PBXVariantGroup section */
		28270D7C24872D37004D3074 /* LaunchScreen.storyboard */ = {
			isa = PBXVariantGroup;
			children = (
				28270D7D24872D37004D3074 /* Base */,
			);
			name = LaunchScreen.storyboard;
			sourceTree = "<group>";
		};
/* End PBXVariantGroup section */

/* Begin XCBuildConfiguration section */
		28270D9624872D37004D3074 /* Debug */ = {
			isa = XCBuildConfiguration;
			buildSettings = {
				ALWAYS_SEARCH_USER_PATHS = NO;
				CLANG_ANALYZER_NONNULL = YES;
				CLANG_ANALYZER_NUMBER_OBJECT_CONVERSION = YES_AGGRESSIVE;
				CLANG_CXX_LANGUAGE_STANDARD = "gnu++14";
				CLANG_CXX_LIBRARY = "libc++";
				CLANG_ENABLE_MODULES = YES;
				CLANG_ENABLE_OBJC_ARC = YES;
				CLANG_ENABLE_OBJC_WEAK = YES;
				CLANG_WARN_BLOCK_CAPTURE_AUTORELEASING = YES;
				CLANG_WARN_BOOL_CONVERSION = YES;
				CLANG_WARN_COMMA = YES;
				CLANG_WARN_CONSTANT_CONVERSION = YES;
				CLANG_WARN_DEPRECATED_OBJC_IMPLEMENTATIONS = YES;
				CLANG_WARN_DIRECT_OBJC_ISA_USAGE = YES_ERROR;
				CLANG_WARN_DOCUMENTATION_COMMENTS = YES;
				CLANG_WARN_EMPTY_BODY = YES;
				CLANG_WARN_ENUM_CONVERSION = YES;
				CLANG_WARN_INFINITE_RECURSION = YES;
				CLANG_WARN_INT_CONVERSION = YES;
				CLANG_WARN_NON_LITERAL_NULL_CONVERSION = YES;
				CLANG_WARN_OBJC_IMPLICIT_RETAIN_SELF = YES;
				CLANG_WARN_OBJC_LITERAL_CONVERSION = YES;
				CLANG_WARN_OBJC_ROOT_CLASS = YES_ERROR;
				CLANG_WARN_RANGE_LOOP_ANALYSIS = YES;
				CLANG_WARN_STRICT_PROTOTYPES = YES;
				CLANG_WARN_SUSPICIOUS_MOVE = YES;
				CLANG_WARN_UNGUARDED_AVAILABILITY = YES_AGGRESSIVE;
				CLANG_WARN_UNREACHABLE_CODE = YES;
				CLANG_WARN__DUPLICATE_METHOD_MATCH = YES;
				COPY_PHASE_STRIP = NO;
				DEBUG_INFORMATION_FORMAT = dwarf;
				ENABLE_STRICT_OBJC_MSGSEND = YES;
				ENABLE_TESTABILITY = YES;
				GCC_C_LANGUAGE_STANDARD = gnu11;
				GCC_DYNAMIC_NO_PIC = NO;
				GCC_NO_COMMON_BLOCKS = YES;
				GCC_OPTIMIZATION_LEVEL = 0;
				GCC_PREPROCESSOR_DEFINITIONS = (
					"DEBUG=1",
					"$(inherited)",
				);
				GCC_WARN_64_TO_32_BIT_CONVERSION = YES;
				GCC_WARN_ABOUT_RETURN_TYPE = YES_ERROR;
				GCC_WARN_UNDECLARED_SELECTOR = YES;
				GCC_WARN_UNINITIALIZED_AUTOS = YES_AGGRESSIVE;
				GCC_WARN_UNUSED_FUNCTION = YES;
				GCC_WARN_UNUSED_VARIABLE = YES;
				IPHONEOS_DEPLOYMENT_TARGET = 13.5;
				MTL_ENABLE_DEBUG_INFO = INCLUDE_SOURCE;
				MTL_FAST_MATH = YES;
				ONLY_ACTIVE_ARCH = YES;
				SDKROOT = iphoneos;
				SWIFT_ACTIVE_COMPILATION_CONDITIONS = DEBUG;
				SWIFT_OPTIMIZATION_LEVEL = "-Onone";
			};
			name = Debug;
		};
		28270D9724872D37004D3074 /* Release */ = {
			isa = XCBuildConfiguration;
			buildSettings = {
				ALWAYS_SEARCH_USER_PATHS = NO;
				CLANG_ANALYZER_NONNULL = YES;
				CLANG_ANALYZER_NUMBER_OBJECT_CONVERSION = YES_AGGRESSIVE;
				CLANG_CXX_LANGUAGE_STANDARD = "gnu++14";
				CLANG_CXX_LIBRARY = "libc++";
				CLANG_ENABLE_MODULES = YES;
				CLANG_ENABLE_OBJC_ARC = YES;
				CLANG_ENABLE_OBJC_WEAK = YES;
				CLANG_WARN_BLOCK_CAPTURE_AUTORELEASING = YES;
				CLANG_WARN_BOOL_CONVERSION = YES;
				CLANG_WARN_COMMA = YES;
				CLANG_WARN_CONSTANT_CONVERSION = YES;
				CLANG_WARN_DEPRECATED_OBJC_IMPLEMENTATIONS = YES;
				CLANG_WARN_DIRECT_OBJC_ISA_USAGE = YES_ERROR;
				CLANG_WARN_DOCUMENTATION_COMMENTS = YES;
				CLANG_WARN_EMPTY_BODY = YES;
				CLANG_WARN_ENUM_CONVERSION = YES;
				CLANG_WARN_INFINITE_RECURSION = YES;
				CLANG_WARN_INT_CONVERSION = YES;
				CLANG_WARN_NON_LITERAL_NULL_CONVERSION = YES;
				CLANG_WARN_OBJC_IMPLICIT_RETAIN_SELF = YES;
				CLANG_WARN_OBJC_LITERAL_CONVERSION = YES;
				CLANG_WARN_OBJC_ROOT_CLASS = YES_ERROR;
				CLANG_WARN_RANGE_LOOP_ANALYSIS = YES;
				CLANG_WARN_STRICT_PROTOTYPES = YES;
				CLANG_WARN_SUSPICIOUS_MOVE = YES;
				CLANG_WARN_UNGUARDED_AVAILABILITY = YES_AGGRESSIVE;
				CLANG_WARN_UNREACHABLE_CODE = YES;
				CLANG_WARN__DUPLICATE_METHOD_MATCH = YES;
				COPY_PHASE_STRIP = NO;
				DEBUG_INFORMATION_FORMAT = "dwarf-with-dsym";
				ENABLE_NS_ASSERTIONS = NO;
				ENABLE_STRICT_OBJC_MSGSEND = YES;
				GCC_C_LANGUAGE_STANDARD = gnu11;
				GCC_NO_COMMON_BLOCKS = YES;
				GCC_WARN_64_TO_32_BIT_CONVERSION = YES;
				GCC_WARN_ABOUT_RETURN_TYPE = YES_ERROR;
				GCC_WARN_UNDECLARED_SELECTOR = YES;
				GCC_WARN_UNINITIALIZED_AUTOS = YES_AGGRESSIVE;
				GCC_WARN_UNUSED_FUNCTION = YES;
				GCC_WARN_UNUSED_VARIABLE = YES;
				IPHONEOS_DEPLOYMENT_TARGET = 13.5;
				MTL_ENABLE_DEBUG_INFO = NO;
				MTL_FAST_MATH = YES;
				SDKROOT = iphoneos;
				SWIFT_COMPILATION_MODE = wholemodule;
				SWIFT_OPTIMIZATION_LEVEL = "-O";
				VALIDATE_PRODUCT = YES;
			};
			name = Release;
		};
		28270D9924872D37004D3074 /* Debug */ = {
			isa = XCBuildConfiguration;
			buildSettings = {
				ASSETCATALOG_COMPILER_APPICON_NAME = AppIcon;
				CODE_SIGN_STYLE = Automatic;
				DEVELOPMENT_ASSET_PATHS = "\"WeatherApp/Preview Content\"";
				DEVELOPMENT_TEAM = V2686JM7D9;
				ENABLE_PREVIEWS = YES;
				INFOPLIST_FILE = WeatherApp/SupportingFile/Info.plist;
				LD_RUNPATH_SEARCH_PATHS = (
					"$(inherited)",
					"@executable_path/Frameworks",
				);
				PRODUCT_BUNDLE_IDENTIFIER = com.mfelipesp.WeatherApp;
				PRODUCT_NAME = "$(TARGET_NAME)";
				SWIFT_VERSION = 5.0;
				TARGETED_DEVICE_FAMILY = "1,2";
			};
			name = Debug;
		};
		28270D9A24872D37004D3074 /* Release */ = {
			isa = XCBuildConfiguration;
			buildSettings = {
				ASSETCATALOG_COMPILER_APPICON_NAME = AppIcon;
				CODE_SIGN_STYLE = Automatic;
				DEVELOPMENT_ASSET_PATHS = "\"WeatherApp/Preview Content\"";
				DEVELOPMENT_TEAM = V2686JM7D9;
				ENABLE_PREVIEWS = YES;
				INFOPLIST_FILE = WeatherApp/SupportingFile/Info.plist;
				LD_RUNPATH_SEARCH_PATHS = (
					"$(inherited)",
					"@executable_path/Frameworks",
				);
				PRODUCT_BUNDLE_IDENTIFIER = com.mfelipesp.WeatherApp;
				PRODUCT_NAME = "$(TARGET_NAME)";
				SWIFT_VERSION = 5.0;
				TARGETED_DEVICE_FAMILY = "1,2";
			};
			name = Release;
		};
		28270D9C24872D37004D3074 /* Debug */ = {
			isa = XCBuildConfiguration;
			buildSettings = {
				ALWAYS_EMBED_SWIFT_STANDARD_LIBRARIES = YES;
				BUNDLE_LOADER = "$(TEST_HOST)";
				CODE_SIGN_STYLE = Automatic;
				DEVELOPMENT_TEAM = V2686JM7D9;
				INFOPLIST_FILE = WeatherAppTests/Info.plist;
				IPHONEOS_DEPLOYMENT_TARGET = 13.5;
				LD_RUNPATH_SEARCH_PATHS = (
					"$(inherited)",
					"@executable_path/Frameworks",
					"@loader_path/Frameworks",
				);
				PRODUCT_BUNDLE_IDENTIFIER = com.mfelipesp.WeatherAppTests;
				PRODUCT_NAME = "$(TARGET_NAME)";
				SWIFT_VERSION = 5.0;
				TARGETED_DEVICE_FAMILY = "1,2";
				TEST_HOST = "$(BUILT_PRODUCTS_DIR)/WeatherApp.app/WeatherApp";
			};
			name = Debug;
		};
		28270D9D24872D37004D3074 /* Release */ = {
			isa = XCBuildConfiguration;
			buildSettings = {
				ALWAYS_EMBED_SWIFT_STANDARD_LIBRARIES = YES;
				BUNDLE_LOADER = "$(TEST_HOST)";
				CODE_SIGN_STYLE = Automatic;
				DEVELOPMENT_TEAM = V2686JM7D9;
				INFOPLIST_FILE = WeatherAppTests/Info.plist;
				IPHONEOS_DEPLOYMENT_TARGET = 13.5;
				LD_RUNPATH_SEARCH_PATHS = (
					"$(inherited)",
					"@executable_path/Frameworks",
					"@loader_path/Frameworks",
				);
				PRODUCT_BUNDLE_IDENTIFIER = com.mfelipesp.WeatherAppTests;
				PRODUCT_NAME = "$(TARGET_NAME)";
				SWIFT_VERSION = 5.0;
				TARGETED_DEVICE_FAMILY = "1,2";
				TEST_HOST = "$(BUILT_PRODUCTS_DIR)/WeatherApp.app/WeatherApp";
			};
			name = Release;
		};
		28270D9F24872D37004D3074 /* Debug */ = {
			isa = XCBuildConfiguration;
			buildSettings = {
				ALWAYS_EMBED_SWIFT_STANDARD_LIBRARIES = YES;
				CODE_SIGN_STYLE = Automatic;
				DEVELOPMENT_TEAM = V2686JM7D9;
				INFOPLIST_FILE = WeatherAppUITests/Info.plist;
				LD_RUNPATH_SEARCH_PATHS = (
					"$(inherited)",
					"@executable_path/Frameworks",
					"@loader_path/Frameworks",
				);
				PRODUCT_BUNDLE_IDENTIFIER = com.mfelipesp.WeatherAppUITests;
				PRODUCT_NAME = "$(TARGET_NAME)";
				SWIFT_VERSION = 5.0;
				TARGETED_DEVICE_FAMILY = "1,2";
				TEST_TARGET_NAME = WeatherApp;
			};
			name = Debug;
		};
		28270DA024872D37004D3074 /* Release */ = {
			isa = XCBuildConfiguration;
			buildSettings = {
				ALWAYS_EMBED_SWIFT_STANDARD_LIBRARIES = YES;
				CODE_SIGN_STYLE = Automatic;
				DEVELOPMENT_TEAM = V2686JM7D9;
				INFOPLIST_FILE = WeatherAppUITests/Info.plist;
				LD_RUNPATH_SEARCH_PATHS = (
					"$(inherited)",
					"@executable_path/Frameworks",
					"@loader_path/Frameworks",
				);
				PRODUCT_BUNDLE_IDENTIFIER = com.mfelipesp.WeatherAppUITests;
				PRODUCT_NAME = "$(TARGET_NAME)";
				SWIFT_VERSION = 5.0;
				TARGETED_DEVICE_FAMILY = "1,2";
				TEST_TARGET_NAME = WeatherApp;
			};
			name = Release;
		};
/* End XCBuildConfiguration section */

/* Begin XCConfigurationList section */
		28270D6924872D34004D3074 /* Build configuration list for PBXProject "WeatherApp" */ = {
			isa = XCConfigurationList;
			buildConfigurations = (
				28270D9624872D37004D3074 /* Debug */,
				28270D9724872D37004D3074 /* Release */,
			);
			defaultConfigurationIsVisible = 0;
			defaultConfigurationName = Release;
		};
		28270D9824872D37004D3074 /* Build configuration list for PBXNativeTarget "WeatherApp" */ = {
			isa = XCConfigurationList;
			buildConfigurations = (
				28270D9924872D37004D3074 /* Debug */,
				28270D9A24872D37004D3074 /* Release */,
			);
			defaultConfigurationIsVisible = 0;
			defaultConfigurationName = Release;
		};
		28270D9B24872D37004D3074 /* Build configuration list for PBXNativeTarget "WeatherAppTests" */ = {
			isa = XCConfigurationList;
			buildConfigurations = (
				28270D9C24872D37004D3074 /* Debug */,
				28270D9D24872D37004D3074 /* Release */,
			);
			defaultConfigurationIsVisible = 0;
			defaultConfigurationName = Release;
		};
		28270D9E24872D37004D3074 /* Build configuration list for PBXNativeTarget "WeatherAppUITests" */ = {
			isa = XCConfigurationList;
			buildConfigurations = (
				28270D9F24872D37004D3074 /* Debug */,
				28270DA024872D37004D3074 /* Release */,
			);
			defaultConfigurationIsVisible = 0;
			defaultConfigurationName = Release;
		};
/* End XCConfigurationList section */

/* Begin XCRemoteSwiftPackageReference section */
		2876F3F8248E96ED00367EF3 /* XCRemoteSwiftPackageReference "MFSwiftCommom" */ = {
			isa = XCRemoteSwiftPackageReference;
			repositoryURL = "https://github.com/MarcosiOSdev/MFSwiftCommom.git";
			requirement = {
				kind = upToNextMajorVersion;
				minimumVersion = 1.2.1;
			};
		};
/* End XCRemoteSwiftPackageReference section */

/* Begin XCSwiftPackageProductDependency section */
		2876F3F9248E96ED00367EF3 /* MFSwiftCommom */ = {
			isa = XCSwiftPackageProductDependency;
			package = 2876F3F8248E96ED00367EF3 /* XCRemoteSwiftPackageReference "MFSwiftCommom" */;
			productName = MFSwiftCommom;
		};
/* End XCSwiftPackageProductDependency section */
	};
	rootObject = 28270D6624872D34004D3074 /* Project object */;
}
